
Microsoft Visual Studio Solution File, Format Version 12.00
# Visual Studio Version 16
VisualStudioVersion = 16.0.29102.190
MinimumVisualStudioVersion = 10.0.40219.1
Project("{FAE04EC0-301F-11D3-BF4B-00C04F79EFBC}") = "SerwisInstaller", "SerwisInstaller\SerwisInstaller.csproj", "{3EBAF336-0092-454D-A8BA-CD7C0FE7AA70}"
EndProject
Global
	GlobalSection(SolutionConfigurationPlatforms) = preSolution
		Debug|Any CPU = Debug|Any CPU
		Release|Any CPU = Release|Any CPU
	EndGlobalSection
	GlobalSection(ProjectConfigurationPlatforms) = postSolution
		{3EBAF336-0092-454D-A8BA-CD7C0FE7AA70}.Debug|Any CPU.ActiveCfg = Debug|Any CPU
		{3EBAF336-0092-454D-A8BA-CD7C0FE7AA70}.Debug|Any CPU.Build.0 = Debug|Any CPU
		{3EBAF336-0092-454D-A8BA-CD7C0FE7AA70}.Release|Any CPU.ActiveCfg = Release|Any CPU
		{3EBAF336-0092-454D-A8BA-CD7C0FE7AA70}.Release|Any CPU.Build.0 = Release|Any CPU
	EndGlobalSection
	GlobalSection(SolutionProperties) = preSolution
		HideSolutionNode = FALSE
	EndGlobalSection
	GlobalSection(ExtensibilityGlobals) = postSolution
		SolutionGuid = {8BE5DB2D-8A10-4EF8-81AE-C7038F6B6DF6}
	EndGlobalSection
EndGlobal
